
Microsoft Visual Studio Solution File, Format Version 12.00
# Visual Studio 2013
VisualStudioVersion = 12.0.21005.1
MinimumVisualStudioVersion = 10.0.40219.1
Project("{FAE04EC0-301F-11D3-BF4B-00C04F79EFBC}") = "UI", "UI\UI.csproj", "{3D61414F-DE11-4FC1-B86D-B94E61561F7C}"
EndProject
Project("{FAE04EC0-301F-11D3-BF4B-00C04F79EFBC}") = "Dal", "Dal\Dal.csproj", "{3A0DBF6D-CAD3-43C5-BAD5-E2896D64C6EB}"
EndProject
Project("{FAE04EC0-301F-11D3-BF4B-00C04F79EFBC}") = "Bll", "Bll\Bll.csproj", "{82A710C4-AF92-4BDF-AF3E-396B74ECD3A8}"
EndProject
Project("{FAE04EC0-301F-11D3-BF4B-00C04F79EFBC}") = "Model", "Model\Model.csproj", "{A4FA637B-1709-4DCD-BAB3-1E4E04B71804}"
EndProject
Project("{FAE04EC0-301F-11D3-BF4B-00C04F79EFBC}") = "Commond", "Commond\Commond.csproj", "{9506FAE5-963D-4FF0-AC98-0B3C246A0701}"
EndProject
Project("{FAE04EC0-301F-11D3-BF4B-00C04F79EFBC}") = "Test", "Test\Test.csproj", "{4825F688-C72C-4039-AB0B-B19EBB5A84C8}"
EndProject
Global
	GlobalSection(SolutionConfigurationPlatforms) = preSolution
		Debug|Any CPU = Debug|Any CPU
		Release|Any CPU = Release|Any CPU
	EndGlobalSection
	GlobalSection(ProjectConfigurationPlatforms) = postSolution
		{3D61414F-DE11-4FC1-B86D-B94E61561F7C}.Debug|Any CPU.ActiveCfg = Debug|Any CPU
		{3D61414F-DE11-4FC1-B86D-B94E61561F7C}.Debug|Any CPU.Build.0 = Debug|Any CPU
		{3D61414F-DE11-4FC1-B86D-B94E61561F7C}.Release|Any CPU.ActiveCfg = Release|Any CPU
		{3D61414F-DE11-4FC1-B86D-B94E61561F7C}.Release|Any CPU.Build.0 = Release|Any CPU
		{3A0DBF6D-CAD3-43C5-BAD5-E2896D64C6EB}.Debug|Any CPU.ActiveCfg = Debug|Any CPU
		{3A0DBF6D-CAD3-43C5-BAD5-E2896D64C6EB}.Debug|Any CPU.Build.0 = Debug|Any CPU
		{3A0DBF6D-CAD3-43C5-BAD5-E2896D64C6EB}.Release|Any CPU.ActiveCfg = Release|Any CPU
		{3A0DBF6D-CAD3-43C5-BAD5-E2896D64C6EB}.Release|Any CPU.Build.0 = Release|Any CPU
		{82A710C4-AF92-4BDF-AF3E-396B74ECD3A8}.Debug|Any CPU.ActiveCfg = Debug|Any CPU
		{82A710C4-AF92-4BDF-AF3E-396B74ECD3A8}.Debug|Any CPU.Build.0 = Debug|Any CPU
		{82A710C4-AF92-4BDF-AF3E-396B74ECD3A8}.Release|Any CPU.ActiveCfg = Release|Any CPU
		{82A710C4-AF92-4BDF-AF3E-396B74ECD3A8}.Release|Any CPU.Build.0 = Release|Any CPU
		{A4FA637B-1709-4DCD-BAB3-1E4E04B71804}.Debug|Any CPU.ActiveCfg = Debug|Any CPU
		{A4FA637B-1709-4DCD-BAB3-1E4E04B71804}.Debug|Any CPU.Build.0 = Debug|Any CPU
		{A4FA637B-1709-4DCD-BAB3-1E4E04B71804}.Release|Any CPU.ActiveCfg = Release|Any CPU
		{A4FA637B-1709-4DCD-BAB3-1E4E04B71804}.Release|Any CPU.Build.0 = Release|Any CPU
		{9506FAE5-963D-4FF0-AC98-0B3C246A0701}.Debug|Any CPU.ActiveCfg = Debug|Any CPU
		{9506FAE5-963D-4FF0-AC98-0B3C246A0701}.Debug|Any CPU.Build.0 = Debug|Any CPU
		{9506FAE5-963D-4FF0-AC98-0B3C246A0701}.Release|Any CPU.ActiveCfg = Release|Any CPU
		{9506FAE5-963D-4FF0-AC98-0B3C246A0701}.Release|Any CPU.Build.0 = Release|Any CPU
		{4825F688-C72C-4039-AB0B-B19EBB5A84C8}.Debug|Any CPU.ActiveCfg = Debug|Any CPU
		{4825F688-C72C-4039-AB0B-B19EBB5A84C8}.Debug|Any CPU.Build.0 = Debug|Any CPU
		{4825F688-C72C-4039-AB0B-B19EBB5A84C8}.Release|Any CPU.ActiveCfg = Release|Any CPU
		{4825F688-C72C-4039-AB0B-B19EBB5A84C8}.Release|Any CPU.Build.0 = Release|Any CPU
	EndGlobalSection
	GlobalSection(SolutionProperties) = preSolution
		HideSolutionNode = FALSE
	EndGlobalSection
EndGlobal
